<Solution>
  <Folder Name="/solution items/">
    <File Path="../docker-compose.local.yml" />
    <File Path="../docker-compose.prod.yml" />
    <File Path="BranikBot.ConsoleApp/Dockerfile" />
    <File Path="Directory.Build.props" />
    <File Path="Directory.Packages.props" />
  </Folder>
  <Folder Name="/tests/">
    <Project Path="BranikBot.Tests/BranikBot.Tests.csproj" />
  </Folder>
  <Project Path="BranikBot.Application/BranikBot.Application.csproj" />
  <Project Path="BranikBot.ConsoleApp/BranikBot.ConsoleApp.csproj" />
  <Project Path="BranikBot.Domain/BranikBot.Domain.csproj" />
  <Project Path="BranikBot.Infrastructure/BranikBot.Infrastructure.csproj" />
</Solution>